
Microsoft Visual Studio Solution File, Format Version 12.00
# Visual Studio Version 17
VisualStudioVersion = 17.9.34723.18
MinimumVisualStudioVersion = 10.0.40219.1
Project("{8BC9CEB8-8B4A-11D0-8D11-00A0C91BC942}") = "ws4", "ws4.vcxproj", "{C2E1D7BD-C980-4C0A-ABAE-9286D33E172F}"
EndProject
Global
	GlobalSection(SolutionConfigurationPlatforms) = preSolution
		Debug|x64 = Debug|x64
		Debug|x86 = Debug|x86
		Release|x64 = Release|x64
		Release|x86 = Release|x86
	EndGlobalSection
	GlobalSection(ProjectConfigurationPlatforms) = postSolution
		{C2E1D7BD-C980-4C0A-ABAE-9286D33E172F}.Debug|x64.ActiveCfg = Debug|x64
		{C2E1D7BD-C980-4C0A-ABAE-9286D33E172F}.Debug|x64.Build.0 = Debug|x64
		{C2E1D7BD-C980-4C0A-ABAE-9286D33E172F}.Debug|x86.ActiveCfg = Debug|Win32
		{C2E1D7BD-C980-4C0A-ABAE-9286D33E172F}.Debug|x86.Build.0 = Debug|Win32
		{C2E1D7BD-C980-4C0A-ABAE-9286D33E172F}.Release|x64.ActiveCfg = Release|x64
		{C2E1D7BD-C980-4C0A-ABAE-9286D33E172F}.Release|x64.Build.0 = Release|x64
		{C2E1D7BD-C980-4C0A-ABAE-9286D33E172F}.Release|x86.ActiveCfg = Release|Win32
		{C2E1D7BD-C980-4C0A-ABAE-9286D33E172F}.Release|x86.Build.0 = Release|Win32
	EndGlobalSection
	GlobalSection(SolutionProperties) = preSolution
		HideSolutionNode = FALSE
	EndGlobalSection
	GlobalSection(ExtensibilityGlobals) = postSolution
		SolutionGuid = {A7990CF1-E266-4508-931E-EAAC9BE7098F}
	EndGlobalSection
EndGlobal
